
Microsoft Visual Studio Solution File, Format Version 12.00
# Visual Studio Version 16
VisualStudioVersion = 16.0.30413.136
MinimumVisualStudioVersion = 10.0.40219.1
Project("{9A19103F-16F7-4668-BE54-9A1E7A4F7556}") = "Insurance", "Insurance\Insurance.csproj", "{D3256FB8-85BD-439D-86E3-564A6333F7B9}"
EndProject
Project("{9A19103F-16F7-4668-BE54-9A1E7A4F7556}") = "Insurance.Domain", "Insurance.Domain\Insurance.Domain.csproj", "{3EF6E3E7-B63D-4615-94ED-CBB137CF3C09}"
EndProject
Project("{9A19103F-16F7-4668-BE54-9A1E7A4F7556}") = "Insurance.Data", "Insurance.Data\Insurance.Data.csproj", "{FED5CEE2-70FA-4E70-A301-E8ACE59B7C40}"
EndProject
Project("{9A19103F-16F7-4668-BE54-9A1E7A4F7556}") = "Insurance.Business", "Insurance.Business\Insurance.Business.csproj", "{3B886594-DC06-460F-959E-0677581FD9D8}"
EndProject
Project("{FAE04EC0-301F-11D3-BF4B-00C04F79EFBC}") = "Insurance.Business.XUnitTest", "Insurance.Business.XUnitTest\Insurance.Business.XUnitTest.csproj", "{D9C821E6-A3F7-4760-B5F0-7ADEFC8B0F15}"
EndProject
Global
	GlobalSection(SolutionConfigurationPlatforms) = preSolution
		Debug|Any CPU = Debug|Any CPU
		Release|Any CPU = Release|Any CPU
	EndGlobalSection
	GlobalSection(ProjectConfigurationPlatforms) = postSolution
		{D3256FB8-85BD-439D-86E3-564A6333F7B9}.Debug|Any CPU.ActiveCfg = Debug|Any CPU
		{D3256FB8-85BD-439D-86E3-564A6333F7B9}.Debug|Any CPU.Build.0 = Debug|Any CPU
		{D3256FB8-85BD-439D-86E3-564A6333F7B9}.Release|Any CPU.ActiveCfg = Release|Any CPU
		{D3256FB8-85BD-439D-86E3-564A6333F7B9}.Release|Any CPU.Build.0 = Release|Any CPU
		{3EF6E3E7-B63D-4615-94ED-CBB137CF3C09}.Debug|Any CPU.ActiveCfg = Debug|Any CPU
		{3EF6E3E7-B63D-4615-94ED-CBB137CF3C09}.Debug|Any CPU.Build.0 = Debug|Any CPU
		{3EF6E3E7-B63D-4615-94ED-CBB137CF3C09}.Release|Any CPU.ActiveCfg = Release|Any CPU
		{3EF6E3E7-B63D-4615-94ED-CBB137CF3C09}.Release|Any CPU.Build.0 = Release|Any CPU
		{FED5CEE2-70FA-4E70-A301-E8ACE59B7C40}.Debug|Any CPU.ActiveCfg = Debug|Any CPU
		{FED5CEE2-70FA-4E70-A301-E8ACE59B7C40}.Debug|Any CPU.Build.0 = Debug|Any CPU
		{FED5CEE2-70FA-4E70-A301-E8ACE59B7C40}.Release|Any CPU.ActiveCfg = Release|Any CPU
		{FED5CEE2-70FA-4E70-A301-E8ACE59B7C40}.Release|Any CPU.Build.0 = Release|Any CPU
		{3B886594-DC06-460F-959E-0677581FD9D8}.Debug|Any CPU.ActiveCfg = Debug|Any CPU
		{3B886594-DC06-460F-959E-0677581FD9D8}.Debug|Any CPU.Build.0 = Debug|Any CPU
		{3B886594-DC06-460F-959E-0677581FD9D8}.Release|Any CPU.ActiveCfg = Release|Any CPU
		{3B886594-DC06-460F-959E-0677581FD9D8}.Release|Any CPU.Build.0 = Release|Any CPU
		{D9C821E6-A3F7-4760-B5F0-7ADEFC8B0F15}.Debug|Any CPU.ActiveCfg = Debug|Any CPU
		{D9C821E6-A3F7-4760-B5F0-7ADEFC8B0F15}.Debug|Any CPU.Build.0 = Debug|Any CPU
		{D9C821E6-A3F7-4760-B5F0-7ADEFC8B0F15}.Release|Any CPU.ActiveCfg = Release|Any CPU
		{D9C821E6-A3F7-4760-B5F0-7ADEFC8B0F15}.Release|Any CPU.Build.0 = Release|Any CPU
	EndGlobalSection
	GlobalSection(SolutionProperties) = preSolution
		HideSolutionNode = FALSE
	EndGlobalSection
	GlobalSection(ExtensibilityGlobals) = postSolution
		SolutionGuid = {89DA99D1-DC4C-4AB6-A397-3CC6AA45B4E9}
	EndGlobalSection
EndGlobal
